
Microsoft Visual Studio Solution File, Format Version 12.00
Project("{2150E333-8FDC-42A3-9474-1A3956D46DE8}") = "Adapter", "Adapter", "{8EB13A6F-DE8B-402F-8D17-6D72D78C5D94}"
EndProject
Project("{FAE04EC0-301F-11D3-BF4B-00C04F79EFBC}") = "VTU.WebApi", "VTU.WebApi\VTU.WebApi.csproj", "{0AFB08F5-2C76-4453-B7DD-776A5378DC64}"
EndProject
Project("{2150E333-8FDC-42A3-9474-1A3956D46DE8}") = "Infrastructure", "Infrastructure", "{836A71B1-E13E-49D4-974E-907E4EE86283}"
EndProject
Project("{2150E333-8FDC-42A3-9474-1A3956D46DE8}") = "Application", "Application", "{C541E802-3B78-4162-9308-5375358CD2A4}"
EndProject
Project("{FAE04EC0-301F-11D3-BF4B-00C04F79EFBC}") = "VTU.Infrastructure", "VTU.Infrastructure\VTU.Infrastructure.csproj", "{23A54A60-F2E2-45FD-A463-2C0AC9D97774}"
EndProject
Project("{FAE04EC0-301F-11D3-BF4B-00C04F79EFBC}") = "VTU.Data.Models", "VTU.Data.Models\VTU.Data.Models.csproj", "{FDC03422-403F-4284-9324-B7328A544767}"
EndProject
Project("{FAE04EC0-301F-11D3-BF4B-00C04F79EFBC}") = "VTU.Data.Migration", "VTU.Data.Migration\VTU.Data.Migration.csproj", "{65B7D094-091A-4430-8714-56D71263F6CC}"
EndProject
Project("{FAE04EC0-301F-11D3-BF4B-00C04F79EFBC}") = "VTU.Service", "VTU.Service\VTU.Service.csproj", "{6C0D8F68-333D-4399-AB9A-E8BB0A5D8B4A}"
EndProject
Project("{FAE04EC0-301F-11D3-BF4B-00C04F79EFBC}") = "VTU.Models", "VTU.Models\VTU.Models.csproj", "{543E01C7-D5A8-45A7-8182-C58434B70EE7}"
EndProject
Global
	GlobalSection(SolutionConfigurationPlatforms) = preSolution
		Debug|Any CPU = Debug|Any CPU
		Release|Any CPU = Release|Any CPU
	EndGlobalSection
	GlobalSection(ProjectConfigurationPlatforms) = postSolution
		{0AFB08F5-2C76-4453-B7DD-776A5378DC64}.Debug|Any CPU.ActiveCfg = Debug|Any CPU
		{0AFB08F5-2C76-4453-B7DD-776A5378DC64}.Debug|Any CPU.Build.0 = Debug|Any CPU
		{0AFB08F5-2C76-4453-B7DD-776A5378DC64}.Release|Any CPU.ActiveCfg = Release|Any CPU
		{0AFB08F5-2C76-4453-B7DD-776A5378DC64}.Release|Any CPU.Build.0 = Release|Any CPU
		{23A54A60-F2E2-45FD-A463-2C0AC9D97774}.Debug|Any CPU.ActiveCfg = Debug|Any CPU
		{23A54A60-F2E2-45FD-A463-2C0AC9D97774}.Debug|Any CPU.Build.0 = Debug|Any CPU
		{23A54A60-F2E2-45FD-A463-2C0AC9D97774}.Release|Any CPU.ActiveCfg = Release|Any CPU
		{23A54A60-F2E2-45FD-A463-2C0AC9D97774}.Release|Any CPU.Build.0 = Release|Any CPU
		{FDC03422-403F-4284-9324-B7328A544767}.Debug|Any CPU.ActiveCfg = Debug|Any CPU
		{FDC03422-403F-4284-9324-B7328A544767}.Debug|Any CPU.Build.0 = Debug|Any CPU
		{FDC03422-403F-4284-9324-B7328A544767}.Release|Any CPU.ActiveCfg = Release|Any CPU
		{FDC03422-403F-4284-9324-B7328A544767}.Release|Any CPU.Build.0 = Release|Any CPU
		{65B7D094-091A-4430-8714-56D71263F6CC}.Debug|Any CPU.ActiveCfg = Debug|Any CPU
		{65B7D094-091A-4430-8714-56D71263F6CC}.Debug|Any CPU.Build.0 = Debug|Any CPU
		{65B7D094-091A-4430-8714-56D71263F6CC}.Release|Any CPU.ActiveCfg = Release|Any CPU
		{65B7D094-091A-4430-8714-56D71263F6CC}.Release|Any CPU.Build.0 = Release|Any CPU
		{6C0D8F68-333D-4399-AB9A-E8BB0A5D8B4A}.Debug|Any CPU.ActiveCfg = Debug|Any CPU
		{6C0D8F68-333D-4399-AB9A-E8BB0A5D8B4A}.Debug|Any CPU.Build.0 = Debug|Any CPU
		{6C0D8F68-333D-4399-AB9A-E8BB0A5D8B4A}.Release|Any CPU.ActiveCfg = Release|Any CPU
		{6C0D8F68-333D-4399-AB9A-E8BB0A5D8B4A}.Release|Any CPU.Build.0 = Release|Any CPU
		{543E01C7-D5A8-45A7-8182-C58434B70EE7}.Debug|Any CPU.ActiveCfg = Debug|Any CPU
		{543E01C7-D5A8-45A7-8182-C58434B70EE7}.Debug|Any CPU.Build.0 = Debug|Any CPU
		{543E01C7-D5A8-45A7-8182-C58434B70EE7}.Release|Any CPU.ActiveCfg = Release|Any CPU
		{543E01C7-D5A8-45A7-8182-C58434B70EE7}.Release|Any CPU.Build.0 = Release|Any CPU
	EndGlobalSection
	GlobalSection(NestedProjects) = preSolution
		{0AFB08F5-2C76-4453-B7DD-776A5378DC64} = {8EB13A6F-DE8B-402F-8D17-6D72D78C5D94}
		{23A54A60-F2E2-45FD-A463-2C0AC9D97774} = {836A71B1-E13E-49D4-974E-907E4EE86283}
		{FDC03422-403F-4284-9324-B7328A544767} = {836A71B1-E13E-49D4-974E-907E4EE86283}
		{65B7D094-091A-4430-8714-56D71263F6CC} = {836A71B1-E13E-49D4-974E-907E4EE86283}
		{6C0D8F68-333D-4399-AB9A-E8BB0A5D8B4A} = {C541E802-3B78-4162-9308-5375358CD2A4}
		{543E01C7-D5A8-45A7-8182-C58434B70EE7} = {836A71B1-E13E-49D4-974E-907E4EE86283}
	EndGlobalSection
EndGlobal
